
Microsoft Visual Studio Solution File, Format Version 12.00
# Visual Studio Version 16
VisualStudioVersion = 16.0.31402.337
MinimumVisualStudioVersion = 10.0.40219.1
Project("{9A19103F-16F7-4668-BE54-9A1E7A4F7556}") = "Recruitment.Api", "Recruitment.Api\Recruitment.Api.csproj", "{15832621-1B4F-4608-9692-4F21325125DA}"
EndProject
Project("{9A19103F-16F7-4668-BE54-9A1E7A4F7556}") = "Recruitment.Tests", "Recruitment.Tests\Recruitment.Tests.csproj", "{817E0B8D-257C-4FBC-B34A-CD892FECA7A3}"
EndProject
Project("{9A19103F-16F7-4668-BE54-9A1E7A4F7556}") = "Recruitment.Contracts", "Recruitment.Contracts\Recruitment.Contracts.csproj", "{770F6FCF-30F4-40AB-A5F6-B5F0489193DB}"
EndProject
Project("{9A19103F-16F7-4668-BE54-9A1E7A4F7556}") = "Recruitment.DomainLogic", "Recruitment.DomainLogic\Recruitment.DomainLogic.csproj", "{D38596D2-317E-48D5-9570-0041CF91A4F5}"
EndProject
Project("{9A19103F-16F7-4668-BE54-9A1E7A4F7556}") = "Recruitment.CommandHandlers", "Recruitment.CommandHandlers\Recruitment.CommandHandlers.csproj", "{53C0408E-AC69-4CCB-9428-350D0A2832D5}"
EndProject
Project("{FAE04EC0-301F-11D3-BF4B-00C04F79EFBC}") = "Recruitment.Client", "Recruitment.Client\Recruitment.Client.csproj", "{BE85D135-A98D-4D73-AC3A-912BD22CC5EE}"
EndProject
Global
	GlobalSection(SolutionConfigurationPlatforms) = preSolution
		Debug|Any CPU = Debug|Any CPU
		Release|Any CPU = Release|Any CPU
	EndGlobalSection
	GlobalSection(ProjectConfigurationPlatforms) = postSolution
		{15832621-1B4F-4608-9692-4F21325125DA}.Debug|Any CPU.ActiveCfg = Debug|Any CPU
		{15832621-1B4F-4608-9692-4F21325125DA}.Debug|Any CPU.Build.0 = Debug|Any CPU
		{15832621-1B4F-4608-9692-4F21325125DA}.Release|Any CPU.ActiveCfg = Release|Any CPU
		{15832621-1B4F-4608-9692-4F21325125DA}.Release|Any CPU.Build.0 = Release|Any CPU
		{817E0B8D-257C-4FBC-B34A-CD892FECA7A3}.Debug|Any CPU.ActiveCfg = Debug|Any CPU
		{817E0B8D-257C-4FBC-B34A-CD892FECA7A3}.Debug|Any CPU.Build.0 = Debug|Any CPU
		{817E0B8D-257C-4FBC-B34A-CD892FECA7A3}.Release|Any CPU.ActiveCfg = Release|Any CPU
		{817E0B8D-257C-4FBC-B34A-CD892FECA7A3}.Release|Any CPU.Build.0 = Release|Any CPU
		{770F6FCF-30F4-40AB-A5F6-B5F0489193DB}.Debug|Any CPU.ActiveCfg = Debug|Any CPU
		{770F6FCF-30F4-40AB-A5F6-B5F0489193DB}.Debug|Any CPU.Build.0 = Debug|Any CPU
		{770F6FCF-30F4-40AB-A5F6-B5F0489193DB}.Release|Any CPU.ActiveCfg = Release|Any CPU
		{770F6FCF-30F4-40AB-A5F6-B5F0489193DB}.Release|Any CPU.Build.0 = Release|Any CPU
		{D38596D2-317E-48D5-9570-0041CF91A4F5}.Debug|Any CPU.ActiveCfg = Debug|Any CPU
		{D38596D2-317E-48D5-9570-0041CF91A4F5}.Debug|Any CPU.Build.0 = Debug|Any CPU
		{D38596D2-317E-48D5-9570-0041CF91A4F5}.Release|Any CPU.ActiveCfg = Release|Any CPU
		{D38596D2-317E-48D5-9570-0041CF91A4F5}.Release|Any CPU.Build.0 = Release|Any CPU
		{53C0408E-AC69-4CCB-9428-350D0A2832D5}.Debug|Any CPU.ActiveCfg = Debug|Any CPU
		{53C0408E-AC69-4CCB-9428-350D0A2832D5}.Debug|Any CPU.Build.0 = Debug|Any CPU
		{53C0408E-AC69-4CCB-9428-350D0A2832D5}.Release|Any CPU.ActiveCfg = Release|Any CPU
		{53C0408E-AC69-4CCB-9428-350D0A2832D5}.Release|Any CPU.Build.0 = Release|Any CPU
		{BE85D135-A98D-4D73-AC3A-912BD22CC5EE}.Debug|Any CPU.ActiveCfg = Debug|Any CPU
		{BE85D135-A98D-4D73-AC3A-912BD22CC5EE}.Debug|Any CPU.Build.0 = Debug|Any CPU
		{BE85D135-A98D-4D73-AC3A-912BD22CC5EE}.Release|Any CPU.ActiveCfg = Release|Any CPU
		{BE85D135-A98D-4D73-AC3A-912BD22CC5EE}.Release|Any CPU.Build.0 = Release|Any CPU
	EndGlobalSection
	GlobalSection(SolutionProperties) = preSolution
		HideSolutionNode = FALSE
	EndGlobalSection
	GlobalSection(ExtensibilityGlobals) = postSolution
		SolutionGuid = {F89DC6C1-E004-44E6-A52C-1D31A07C6970}
	EndGlobalSection
EndGlobal
